github.com/Hatch1fy/crypty v0.4.79 h1:BkfMM7ESb4NGkm3df/x2NwDtOFWieLjgY5cQKk3HMoQ=
github.com/Hatch1fy/crypty v0.4.79/go.mod h1:d2YbqcvNYEJ0Ho5uSxwO8xFBDVFpDzaR3qLjRPETtlY=
github.com/Hatch1fy/errors v0.4.77 h1:0Z2S/nbd+hga+CydwpX5BonUVa338+XPkTSMeZSxhnU=
github.com/Hatch1fy/errors v0.4.77/go.mod h1:LPnug0nWT7I99nYl62NfYjxNMCCEx3lBV5YWIco+H0w=
github.com/Hatch1fy/integrations-common v0.1.14 h1:Z8za5uKb8tWtoO6I+gj5Emz1fgsVinkhrFedBlZleV4=
github.com/Hatch1fy/integrations-common v0.1.14/go.mod h1:h29mEPpFSlSB61PNQ2g4as6fZAksT6Oyn0VTuVMjxbg=
github.com/hatchify/atoms v0.4.77 h1:JGBaNULC3Kx8LiKvxkgcNxafM5P063soeoiKvTs+m/o=
github.com/hatchify/atoms v0.4.77/go.mod h1:6H72BaBb4o7EHfkGXb3AriWU0S5CSrW1kDDHdjdeNB8=
